
Microsoft Visual Studio Solution File, Format Version 12.00
# Visual Studio Express 15 for Windows Desktop
VisualStudioVersion = 15.0.28307.852
MinimumVisualStudioVersion = 10.0.40219.1
Project("{FAE04EC0-301F-11D3-BF4B-00C04F79EFBC}") = "TabularReporting", "src\TabularReporting\TabularReporting.csproj", "{02E622B3-284E-44CB-885F-E74581DDEAA6}"
EndProject
Project("{FAE04EC0-301F-11D3-BF4B-00C04F79EFBC}") = "TabularReporting.Abstractions", "src\TabularReporting.Abstractions\TabularReporting.Abstractions.csproj", "{12D50155-1F55-4BFF-AEA3-0D4C470B06C9}"
EndProject
Project("{FAE04EC0-301F-11D3-BF4B-00C04F79EFBC}") = "TabularReporting.TestStand", "samples\TabularReporting.TestStand\TabularReporting.TestStand.csproj", "{48AF9E57-2A6F-47E0-AA52-FB80D6C313F2}"
EndProject
Project("{FAE04EC0-301F-11D3-BF4B-00C04F79EFBC}") = "TabularReporting.Tests", "src\TabularReporting.Tests\TabularReporting.Tests.csproj", "{2C40088B-AEFD-42AE-803F-75FDA4C8F462}"
EndProject
Project("{FAE04EC0-301F-11D3-BF4B-00C04F79EFBC}") = "TabularReporting.TestStand.Tests", "samples\TabularReporting.TestStand.Tests\TabularReporting.TestStand.Tests.csproj", "{97F1A8C7-9849-4BB0-A0BF-2E6C2DF57386}"
EndProject
Project("{FAE04EC0-301F-11D3-BF4B-00C04F79EFBC}") = "TabularReporting.Sample", "samples\TabularReporting.Sample\TabularReporting.Sample.csproj", "{F6594A7C-45DB-4B36-9E47-6FE1BB29B529}"
EndProject
Global
	GlobalSection(SolutionConfigurationPlatforms) = preSolution
		Debug|Any CPU = Debug|Any CPU
		Release|Any CPU = Release|Any CPU
	EndGlobalSection
	GlobalSection(ProjectConfigurationPlatforms) = postSolution
		{02E622B3-284E-44CB-885F-E74581DDEAA6}.Debug|Any CPU.ActiveCfg = Debug|Any CPU
		{02E622B3-284E-44CB-885F-E74581DDEAA6}.Debug|Any CPU.Build.0 = Debug|Any CPU
		{02E622B3-284E-44CB-885F-E74581DDEAA6}.Release|Any CPU.ActiveCfg = Release|Any CPU
		{02E622B3-284E-44CB-885F-E74581DDEAA6}.Release|Any CPU.Build.0 = Release|Any CPU
		{12D50155-1F55-4BFF-AEA3-0D4C470B06C9}.Debug|Any CPU.ActiveCfg = Debug|Any CPU
		{12D50155-1F55-4BFF-AEA3-0D4C470B06C9}.Debug|Any CPU.Build.0 = Debug|Any CPU
		{12D50155-1F55-4BFF-AEA3-0D4C470B06C9}.Release|Any CPU.ActiveCfg = Release|Any CPU
		{12D50155-1F55-4BFF-AEA3-0D4C470B06C9}.Release|Any CPU.Build.0 = Release|Any CPU
		{48AF9E57-2A6F-47E0-AA52-FB80D6C313F2}.Debug|Any CPU.ActiveCfg = Debug|Any CPU
		{48AF9E57-2A6F-47E0-AA52-FB80D6C313F2}.Debug|Any CPU.Build.0 = Debug|Any CPU
		{48AF9E57-2A6F-47E0-AA52-FB80D6C313F2}.Release|Any CPU.ActiveCfg = Release|Any CPU
		{48AF9E57-2A6F-47E0-AA52-FB80D6C313F2}.Release|Any CPU.Build.0 = Release|Any CPU
		{2C40088B-AEFD-42AE-803F-75FDA4C8F462}.Debug|Any CPU.ActiveCfg = Debug|Any CPU
		{2C40088B-AEFD-42AE-803F-75FDA4C8F462}.Debug|Any CPU.Build.0 = Debug|Any CPU
		{2C40088B-AEFD-42AE-803F-75FDA4C8F462}.Release|Any CPU.ActiveCfg = Release|Any CPU
		{2C40088B-AEFD-42AE-803F-75FDA4C8F462}.Release|Any CPU.Build.0 = Release|Any CPU
		{97F1A8C7-9849-4BB0-A0BF-2E6C2DF57386}.Debug|Any CPU.ActiveCfg = Debug|Any CPU
		{97F1A8C7-9849-4BB0-A0BF-2E6C2DF57386}.Debug|Any CPU.Build.0 = Debug|Any CPU
		{97F1A8C7-9849-4BB0-A0BF-2E6C2DF57386}.Release|Any CPU.ActiveCfg = Release|Any CPU
		{97F1A8C7-9849-4BB0-A0BF-2E6C2DF57386}.Release|Any CPU.Build.0 = Release|Any CPU
		{F6594A7C-45DB-4B36-9E47-6FE1BB29B529}.Debug|Any CPU.ActiveCfg = Debug|Any CPU
		{F6594A7C-45DB-4B36-9E47-6FE1BB29B529}.Debug|Any CPU.Build.0 = Debug|Any CPU
		{F6594A7C-45DB-4B36-9E47-6FE1BB29B529}.Release|Any CPU.ActiveCfg = Release|Any CPU
		{F6594A7C-45DB-4B36-9E47-6FE1BB29B529}.Release|Any CPU.Build.0 = Release|Any CPU
	EndGlobalSection
	GlobalSection(SolutionProperties) = preSolution
		HideSolutionNode = FALSE
	EndGlobalSection
	GlobalSection(ExtensibilityGlobals) = postSolution
		SolutionGuid = {8E6BF9B7-0378-47C5-82A8-31CBE7D0D3D3}
	EndGlobalSection
EndGlobal
